
Microsoft Visual Studio Solution File, Format Version 12.00
# Visual Studio Version 17
VisualStudioVersion = 17.5.33502.453
MinimumVisualStudioVersion = 10.0.40219.1
Project("{FAE04EC0-301F-11D3-BF4B-00C04F79EFBC}") = "Ejercicio1", "Ejercicio1\Ejercicio1.csproj", "{B2CC5D93-4945-450F-98E5-7CE5736A5816}"
EndProject
Global
	GlobalSection(SolutionConfigurationPlatforms) = preSolution
		Debug|Any CPU = Debug|Any CPU
		Release|Any CPU = Release|Any CPU
	EndGlobalSection
	GlobalSection(ProjectConfigurationPlatforms) = postSolution
		{B2CC5D93-4945-450F-98E5-7CE5736A5816}.Debug|Any CPU.ActiveCfg = Debug|Any CPU
		{B2CC5D93-4945-450F-98E5-7CE5736A5816}.Debug|Any CPU.Build.0 = Debug|Any CPU
		{B2CC5D93-4945-450F-98E5-7CE5736A5816}.Release|Any CPU.ActiveCfg = Release|Any CPU
		{B2CC5D93-4945-450F-98E5-7CE5736A5816}.Release|Any CPU.Build.0 = Release|Any CPU
	EndGlobalSection
	GlobalSection(SolutionProperties) = preSolution
		HideSolutionNode = FALSE
	EndGlobalSection
	GlobalSection(ExtensibilityGlobals) = postSolution
		SolutionGuid = {2B4CFE88-16B2-4B17-9606-BE29E332E8F3}
	EndGlobalSection
EndGlobal
